# Exact native Apple Silicon package set. Do not edit without validation.
@EXPLICIT
https://conda.anaconda.org/conda-forge/osx-arm64/_openmp_mutex-4.5-8_kmp_llvm.conda#a2d706b4a7d603524133037c34f7fb76
https://conda.anaconda.org/conda-forge/noarch/_python_abi3_support-1.0-hd8ed1ab_3.conda#3845f3d75991bae0fb90884662f4327c
https://conda.anaconda.org/conda-forge/noarch/adwaita-icon-theme-51.0-unix_0.conda#6f62266fb2bfc35a5071cfa1d6ffdcc9
https://conda.anaconda.org/conda-forge/osx-arm64/aom-3.9.1-h7bae524_0.conda#7adba36492a1bb22d98ffffe4f6fc6de
https://conda.anaconda.org/conda-forge/noarch/asf_search-14.0.3-pyhd8ed1ab_0.conda#f8a26617fd348396a701ea8dea4354f7
https://conda.anaconda.org/conda-forge/noarch/asf_search-base-14.0.3-pyhd8ed1ab_0.conda#a441d8d78325e19142e7b2b8725fb64b
https://conda.anaconda.org/conda-forge/osx-arm64/atk-1.0-2.38.0-hd03087b_2.conda#57301986d02d30d6805fdce6c99074ee
https://conda.anaconda.org/conda-forge/noarch/attrs-26.1.0-pyhcf101f3_0.conda#c6b0543676ecb1fb2d7643941fe375f2
https://conda.anaconda.org/conda-forge/osx-arm64/autoconf-2.72-pl5321hd3c70e0_1.conda#541363825691b203463e1d4feed4de1b
https://conda.anaconda.org/conda-forge/osx-arm64/automake-1.19-h820172f_0.conda#6d8424236d150251cf0c5f0bfcbb536a
https://conda.anaconda.org/conda-forge/osx-arm64/aws-c-auth-0.9.1-h753d554_5.conda#4d72b29e183b119a6cd1e38a27ce6686
https://conda.anaconda.org/conda-forge/osx-arm64/aws-c-cal-0.9.8-hca30140_0.conda#9915036c8270a5dfc1ffb40585987eab
https://conda.anaconda.org/conda-forge/osx-arm64/aws-c-common-0.12.5-hc919400_1.conda#7338b3d3f6308f375c94370728df10fc
https://conda.anaconda.org/conda-forge/osx-arm64/aws-c-compression-0.3.1-h61d5560_8.conda#ea7a505949c1bf4a51b2cccc89f8120d
https://conda.anaconda.org/conda-forge/osx-arm64/aws-c-event-stream-0.5.6-hada8b3e_4.conda#b856c74bc570d617b6550f10bfe03533
https://conda.anaconda.org/conda-forge/osx-arm64/aws-c-http-0.10.7-h241dc44_1.conda#1ba37dd519ce567ce4862f7040d024d5
https://conda.anaconda.org/conda-forge/osx-arm64/aws-c-io-0.23.2-hcea795d_2.conda#b33513f122da8f6f4606bbef8b8b084c
https://conda.anaconda.org/conda-forge/osx-arm64/aws-c-mqtt-0.13.3-hf26a141_8.conda#86e356901766b717e02985de6f8c71e6
https://conda.anaconda.org/conda-forge/osx-arm64/aws-c-s3-0.8.6-h1e3b5a0_7.conda#ae4d69d38b4806646b1998ca6923a68f
https://conda.anaconda.org/conda-forge/osx-arm64/aws-c-sdkutils-0.2.4-h61d5560_3.conda#2781d442c010c31abcad68703ebbc205
https://conda.anaconda.org/conda-forge/osx-arm64/aws-checksums-0.2.7-h61d5560_4.conda#4fca5f39d47042f0cb0542e0c1420875
https://conda.anaconda.org/conda-forge/osx-arm64/aws-crt-cpp-0.35.0-h44e95eb_2.conda#e9b0347882768ccef4aa4c103e3daa67
https://conda.anaconda.org/conda-forge/osx-arm64/aws-sdk-cpp-1.11.606-hf3ce6b4_6.conda#530f0411c283dc014ead36af4542d182
https://conda.anaconda.org/conda-forge/osx-arm64/azure-core-cpp-1.16.1-h88fedcc_0.conda#fbe485a39b05090c0b5f8bb4febcd343
https://conda.anaconda.org/conda-forge/osx-arm64/azure-identity-cpp-1.13.2-h853621b_1.conda#fac63edc393d7035ab23fbccdeda34f4
https://conda.anaconda.org/conda-forge/osx-arm64/azure-storage-blobs-cpp-12.15.0-h10d327b_1.conda#443b74cf38c6b0f4b675c0517879ce69
https://conda.anaconda.org/conda-forge/osx-arm64/azure-storage-common-cpp-12.11.0-h7e4aa5d_1.conda#ac9113ea0b7ed5ecf452503f82bf2956
https://conda.anaconda.org/conda-forge/osx-arm64/azure-storage-files-datalake-cpp-12.13.0-hb288d13_1.conda#595091ae43974e5059d6eabf0a6a7aa5
https://conda.anaconda.org/conda-forge/osx-arm64/backports.zstd-1.7.0-py312h1a36842_1.conda#4f0bd292b5aeab40ebcb3aae5afdf1a8
https://conda.anaconda.org/conda-forge/osx-arm64/blosc-1.21.6-h7dd00d9_1.conda#925acfb50a750aa178f7a0aced77f351
https://conda.anaconda.org/conda-forge/noarch/bokeh-3.10.0-pyhd8ed1ab_0.conda#67d0ed593951a4933024453b76ef1355
https://conda.anaconda.org/conda-forge/osx-arm64/brotli-1.1.0-h6caf38d_4.conda#ce8659623cea44cc812bc0bfae4041c5
https://conda.anaconda.org/conda-forge/osx-arm64/brotli-bin-1.1.0-h6caf38d_4.conda#ab57f389f304c4d2eb86d8ae46d219c3
https://conda.anaconda.org/conda-forge/osx-arm64/brotli-python-1.1.0-py312h6b01ec3_4.conda#0d50ab05d6d8fa7a38213c809637ba6d
https://conda.anaconda.org/conda-forge/osx-arm64/brunsli-0.1-h97083b6_1.conda#b36fe588d614b5dc3279e080a6925b3d
https://conda.anaconda.org/conda-forge/osx-arm64/bzip2-1.0.8-h4e30115_10.conda#b50612e7d190b8061ab4e7dc119cf4d5
https://conda.anaconda.org/conda-forge/osx-arm64/c-ares-1.34.8-h74c22ad_2.conda#4cc01a374215de38387d45e19c8c5c9c
https://conda.anaconda.org/conda-forge/osx-arm64/c-blosc2-2.15.2-h9cbb436_1.conda#9b2a1e9b4c5af217b6fefe5b198e569d
https://conda.anaconda.org/conda-forge/noarch/ca-certificates-2026.7.22-hbd8a1cb_0.conda#0f51e2391ade309db462a55611263e9c
https://conda.anaconda.org/conda-forge/noarch/cached-property-2.0.1-pyhcf101f3_0.conda#70e764e549c6c25de5e429d6e4a28b39
https://conda.anaconda.org/conda-forge/noarch/cached_property-2.0.1-pyhcf101f3_0.conda#256d863ded0f79464391a075944d24a6
https://conda.anaconda.org/conda-forge/osx-arm64/cairo-1.18.6-h580cee5_0.conda#0d25672f63cd1c9b08653a0becfbf31a
https://conda.anaconda.org/conda-forge/osx-arm64/cartopy-0.26.0-np2py312h3775662_1.conda#3b1d595d317d18d7f7b7b2305f9476b0
https://conda.anaconda.org/conda-forge/noarch/cdsapi-0.7.7-pyh5ded981_0.conda#b96b036de9f4d72d0fd1e5bd46170e4f
https://conda.anaconda.org/conda-forge/noarch/certifi-2026.7.22-pyhd8ed1ab_0.conda#37e13edbe3b48f1095a9d085ef9cd83b
https://conda.anaconda.org/conda-forge/osx-arm64/cffi-2.1.1-py312hc892d8b_3.conda#3361d7efede75a6caa9041cbaa97b4e9
https://conda.anaconda.org/conda-forge/osx-arm64/charls-2.4.4-hf6b4638_0.conda#6e1205a502ac0ff3c45a98513db81615
https://conda.anaconda.org/conda-forge/noarch/charset-normalizer-3.5.1-pyhd8ed1ab_0.conda#e0ac3accc64e23e40969d660e5f58ac8
https://conda.anaconda.org/conda-forge/osx-arm64/ciso8601-2.3.3-py312h290adc7_1.conda#d7d3dff7aae6a1a716f1deb4da27bb96
https://conda.anaconda.org/conda-forge/noarch/click-8.5.0-pyh5ded981_0.conda#dea5b13a211bbf99876deb980b408a66
https://conda.anaconda.org/conda-forge/noarch/cloudpickle-3.1.2-pyhcf101f3_1.conda#61b8078a0905b12529abc622406cb62c
https://conda.anaconda.org/conda-forge/osx-arm64/cmake-3.31.8-h54ad630_0.conda#7a61882f98f88aee01bae8a76d5990ba
https://conda.anaconda.org/conda-forge/noarch/colorama-0.4.6-pyhd8ed1ab_1.conda#962b9857ee8e7018c22f2776ffa0b2d7
https://conda.anaconda.org/conda-forge/noarch/configobj-5.0.9-pyhd8ed1ab_1.conda#5e1999cd1872c9d7f7d56bf3bf1141fa
https://conda.anaconda.org/conda-forge/osx-arm64/contourpy-1.3.3-py312h3093aea_4.conda#f9cce0bc86b46533489a994a47d3c7d2
https://conda.anaconda.org/conda-forge/noarch/cpython-3.12.14-py312hd8ed1ab_3.conda#adee9213d9a98d7f8b5627209c8b4ae0
https://conda.anaconda.org/conda-forge/osx-arm64/cvxopt-1.3.3-py312hfeefbd8_2.conda#ee5a913183e276cf075aa0d77b618357
https://conda.anaconda.org/conda-forge/noarch/cycler-0.12.1-pyhcf101f3_2.conda#4c2a8fef270f6c69591889b93f9f55c1
https://conda.anaconda.org/conda-forge/osx-arm64/cyrus-sasl-2.1.28-ha1cbb27_0.conda#2867ea6551e97e53a81787fd967162b1
https://conda.anaconda.org/conda-forge/osx-arm64/cython-3.3.0-py312h12d0071_0.conda#39a383688e5121b996fe2872aab8867d
https://conda.anaconda.org/conda-forge/osx-arm64/cytoolz-1.1.0-py312h580468c_3.conda#42194ab13859f5792a4621d2427d34f8
https://conda.anaconda.org/conda-forge/noarch/dask-2026.8.0-pyhc364b38_0.conda#e79afa78ebd31bb1e76de5fe117edb29
https://conda.anaconda.org/conda-forge/noarch/dask-core-2026.8.0-pyhc364b38_0.conda#2ccdf45d2372e15c7edcb7a72d573e76
https://conda.anaconda.org/conda-forge/noarch/dask-jobqueue-0.9.0-pyhd8ed1ab_0.conda#a201de7d36907f2355426e019168d337
https://conda.anaconda.org/conda-forge/noarch/dateparser-1.4.3-pyh5ded981_0.conda#1ff16017992b6683a6b4d0ace93992c7
https://conda.anaconda.org/conda-forge/osx-arm64/dav1d-1.2.1-hb547adb_0.conda#5a74cdee497e6b65173e10d94582fae6
https://conda.anaconda.org/conda-forge/osx-arm64/dbus-1.16.2-hf049998_2.conda#a199888312b83a5c5e2d2880919eb1f2
https://conda.anaconda.org/conda-forge/noarch/distributed-2026.8.0-pyhc364b38_0.conda#f382c4eed5376ee372a6e67a0f6cd4d9
https://conda.anaconda.org/conda-forge/noarch/donfig-0.8.1.post1-pyhd8ed1ab_1.conda#c56a7fa5597ad78b62e1f5d21f7f8b8f
https://conda.anaconda.org/conda-forge/osx-arm64/double-conversion-3.4.0-hf6b4638_0.conda#5c2db157899dc09a20dcc87638066120
https://conda.anaconda.org/conda-forge/osx-arm64/dsdp-5.8-h9397a75_1203.tar.bz2#e406c442ad102deb751b6f5f33b9afc3
https://conda.anaconda.org/conda-forge/osx-arm64/eccodes-2.47.0-h10ae4f9_0.conda#6a12014e60e8fc7ee6ca51f7d8a372bc
https://conda.anaconda.org/conda-forge/noarch/ecmwf-datastores-client-0.5.3-pyhd8ed1ab_0.conda#348f198f6b6996b7c27cdf62221bf1f1
https://conda.anaconda.org/conda-forge/osx-arm64/epoxy-1.5.10-hc919400_2.conda#3b87dabebe54c6d66a07b97b53ac5874
https://conda.anaconda.org/conda-forge/noarch/exceptiongroup-1.3.1-pyhd8ed1ab_0.conda#8e662bd460bda79b1ea39194e3c4c9ab
https://conda.anaconda.org/conda-forge/osx-arm64/expat-2.8.5-h6111c0a_0.conda#dc0d54f2412e3e712a2527b9b292c5d7
https://conda.anaconda.org/conda-forge/osx-arm64/ffmpeg-8.0.1-gpl_hc3c6940_112.conda#6fe8011f022d045fc00f056c6b261c0a
https://conda.anaconda.org/conda-forge/osx-arm64/fftw-3.3.11-nompi_haf1500d_100.conda#58628fdc0c614982f1dafd2116916288
https://conda.anaconda.org/conda-forge/noarch/font-ttf-dejavu-sans-mono-2.37-hab24e00_0.tar.bz2#0c96522c6bdaed4b1566d11387caaf45
https://conda.anaconda.org/conda-forge/noarch/font-ttf-inconsolata-3.000-h77eed37_0.tar.bz2#34893075a5c9e55cdafac56607368fc6
https://conda.anaconda.org/conda-forge/noarch/font-ttf-source-code-pro-2.038-h77eed37_0.tar.bz2#4d59c254e01d9cde7957100457e2d5fb
https://conda.anaconda.org/conda-forge/noarch/font-ttf-ubuntu-0.83-h77eed37_3.conda#49023d73832ef61042f6a237cb2687e7
https://conda.anaconda.org/conda-forge/osx-arm64/fontconfig-2.18.3-h81aa574_1.conda#8ac8cc3fe744b484de4387703134d8b2
https://conda.anaconda.org/conda-forge/noarch/fonts-conda-ecosystem-1-0.tar.bz2#fee5683a3f04bd15cbd8318b096a27ab
https://conda.anaconda.org/conda-forge/noarch/fonts-conda-forge-1-hc364b38_1.conda#a7970cd949a077b7cb9696379d338681
https://conda.anaconda.org/conda-forge/osx-arm64/fonttools-4.66.0-py312hf4454c7_0.conda#0dea290205df8f3655c6dbf22730d644
https://conda.anaconda.org/conda-forge/osx-arm64/freetype-2.14.3-hce30654_2.conda#2f4cc7dc2e6622591735c49dda1b92aa
https://conda.anaconda.org/conda-forge/osx-arm64/freexl-2.0.0-hdc332e9_3.conda#c6745d77f98ee140182dd2910508e882
https://conda.anaconda.org/conda-forge/osx-arm64/fribidi-1.0.17-hb001647_0.conda#29b021cee334af0050bdca46bada6e0e
https://conda.anaconda.org/conda-forge/noarch/fsspec-2026.9.0-pyhd8ed1ab_0.conda#42de5cd170647599a84f468a42fabb89
https://conda.anaconda.org/conda-forge/osx-arm64/gdal-3.10.3-py312h2c4bdbe_27.conda#57932ff8c4b9376c7cd226349d5e014c
https://conda.anaconda.org/conda-forge/osx-arm64/gdk-pixbuf-2.44.8-h5867e2c_2.conda#3a84786e0c929f4a05d08c07be5ec9b3
https://conda.anaconda.org/conda-forge/osx-arm64/geos-3.14.1-ha834cd8_0.conda#e7480ad364d7a5bf03812ba272c39707
https://conda.anaconda.org/conda-forge/osx-arm64/geotiff-1.7.4-hf862be1_4.conda#111fe25c7b56f8e8f10322b4d99abe69
https://conda.anaconda.org/conda-forge/osx-arm64/gflags-2.3.1-h784d473_0.conda#96aea99abfaf8d1e7731c03e3f70fb02
https://conda.anaconda.org/conda-forge/osx-arm64/ghostscript-10.08.0-h61c1aad_0.conda#ccfc1a6af25a23d6281d0bea9225ea3c
https://conda.anaconda.org/conda-forge/osx-arm64/giflib-5.2.2-hd20048c_1.conda#93963a54079e27fdb1bf8d289ad592d4
https://conda.anaconda.org/conda-forge/osx-arm64/glib-tools-2.90.0-h06d1d6c_0.conda#62aed33caa374a6807ba9b2780603b70
https://conda.anaconda.org/conda-forge/osx-arm64/glog-0.7.1-h6f9ecc1_1.conda#68937f90f7930d49e106b94e95d4536c
https://conda.anaconda.org/conda-forge/osx-arm64/glpk-5.0-h6d7a090_0.tar.bz2#02b868940101a06a6365c109ab1a94fe
https://conda.anaconda.org/conda-forge/osx-arm64/glslang-16.6.0-h1a33c25_0.conda#9fe354e9e31263b7795ae04999e3f153
https://conda.anaconda.org/conda-forge/osx-arm64/gmp-6.3.0-hf5e55b1_3.conda#bbfa5bd261b68536ddcda39e03d3407f
https://conda.anaconda.org/conda-forge/osx-arm64/graphite2-1.3.15-h784d473_1.conda#0c7b78d9ffff4f5a6ca28d346f734d8f
https://conda.anaconda.org/conda-forge/osx-arm64/graphviz-14.1.2-hec8c438_0.conda#1f3d859de3ca2bcaa845e92e87d73660
https://conda.anaconda.org/conda-forge/osx-arm64/gsl-2.8-hc72306e_2.conda#0ef37f84d7c425a89595eba0265d53ec
https://conda.anaconda.org/conda-forge/osx-arm64/gtk3-3.24.52-hc0f3e19_0.conda#5557a2433b1339b8e536c264afea41ef
https://conda.anaconda.org/conda-forge/osx-arm64/gts-0.7.6-he42f4ea_4.conda#21b4dd3098f63a74cf2aa9159cbef57d
https://conda.anaconda.org/conda-forge/noarch/h2-4.4.1-pyhcf101f3_0.conda#e652ac7756069c456d0da2a922cd7df5
https://conda.anaconda.org/conda-forge/osx-arm64/h5py-3.16.0-nompi_py312h3cfd1a2_104.conda#10a45e9c6959baeda6ee1b08620db390
https://conda.anaconda.org/conda-forge/osx-arm64/harfbuzz-14.5.0-hce30654_0.conda#3da3f1f60c9990f662e0b50d46864005
https://conda.anaconda.org/conda-forge/osx-arm64/hdf4-4.2.15-h2ee6834_7.conda#ff5d749fd711dc7759e127db38005924
https://conda.anaconda.org/conda-forge/osx-arm64/hdf5-1.14.6-nompi_had3affe_106.conda#2d1270d283403c542680e969bea70355
https://conda.anaconda.org/conda-forge/osx-arm64/hicolor-icon-theme-0.17-hce30654_3.conda#cfb39109ac5fa8601eb595d66d5bf156
https://conda.anaconda.org/conda-forge/noarch/hpack-4.2.0-pyhd8ed1ab_0.conda#b395909221b9bd1df066e5930e18855b
https://conda.anaconda.org/conda-forge/noarch/hyperframe-6.1.0-pyhd8ed1ab_0.conda#8e6923fc12f1fe8f8c4e5c9f343256ac
https://conda.anaconda.org/conda-forge/osx-arm64/icu-78.3-py310h579977c_2.conda#a5efc0b42bb8b42e97d0a29ae3e3c187
https://conda.anaconda.org/conda-forge/noarch/idna-3.20-pyh5ded981_0.conda#ee73be987f9de9ea5c2fdaeefa7b6491
https://conda.anaconda.org/conda-forge/osx-arm64/imagecodecs-2024.9.22-py312h8857d0e_2.conda#ad491ad015d57b4b2f36e54b70f72ac6
https://conda.anaconda.org/conda-forge/noarch/imageio-2.37.4-pyh5ded981_0.conda#8d928b5d0cb918d9966ab8570ad2a8aa
https://conda.anaconda.org/conda-forge/osx-arm64/imagemagick-7.1.2_25-gpl_h5785ba4_0.conda#bd62bf11026ed55c87427eecb888a963
https://conda.anaconda.org/conda-forge/osx-arm64/imath-3.2.2-h13e8271_0.conda#29a16094695fed33cf0f7881f461aea3
https://conda.anaconda.org/conda-forge/noarch/importlib-metadata-9.0.1-pyhcf101f3_0.conda#77ec68e0aa61c3fff9ecbf840f93d64e
https://conda.anaconda.org/conda-forge/noarch/iniconfig-2.3.0-pyhd8ed1ab_0.conda#9614359868482abba1bd15ce465e3c42
https://conda.anaconda.org/conda-forge/osx-arm64/jasper-4.2.9-hc111fee_2.conda#40ae216887ee092bdc53eb70c2656f8e
https://conda.anaconda.org/conda-forge/osx-arm64/jbig-2.1-h3422bc3_2003.tar.bz2#38e4745944cf5b4598ad7f1cfed5430d
https://conda.anaconda.org/conda-forge/noarch/jinja2-3.1.6-pyhcf101f3_1.conda#04558c96691bed63104678757beb4f8d
https://conda.anaconda.org/conda-forge/osx-arm64/json-c-0.18-h74c22ad_2.conda#5f4bd92d8c61f652402bfa490114ede6
https://conda.anaconda.org/conda-forge/osx-arm64/jxrlib-1.1-h93a5062_3.conda#879997fd868f8e9e4c2a12aec8583799
https://conda.anaconda.org/conda-forge/osx-arm64/kiwisolver-1.5.1-py312h67ba313_3.conda#0f9c3cfcf6106a7f6e99acf39095d3a6
https://conda.anaconda.org/conda-forge/osx-arm64/krb5-1.21.3-h237132a_0.conda#c6dc8a0fdec13a0565936655c33069a1
https://conda.anaconda.org/conda-forge/osx-arm64/lame-3.100-h1a8c8d9_1003.tar.bz2#bff0e851d66725f78dc2fd8b032ddb7e
https://conda.anaconda.org/conda-forge/noarch/lazy-loader-0.6-pyhd8ed1ab_0.conda#4ed11ec126e6da490282edfd0673fea0
https://conda.anaconda.org/conda-forge/osx-arm64/lcms2-2.19.1-hce41798_3.conda#4eed1ee02ef1992c046f2e81d5606633
https://conda.anaconda.org/conda-forge/osx-arm64/lerc-4.2.0-h1eee2c3_0.conda#e429aec4037d5cb8fd34ded9f5dadd39
https://conda.anaconda.org/conda-forge/osx-arm64/libabseil-20250512.1-cxx17_hd41c47c_0.conda#360dbb413ee2c170a0a684a33c4fc6b8
https://conda.anaconda.org/conda-forge/osx-arm64/libaec-1.1.5-h8664d51_0.conda#13e6d9ae0efbc9d2e9a01a91f4372b41
https://conda.anaconda.org/conda-forge/osx-arm64/libamd-3.3.3-h5087772_7100102.conda#0c30185fa04e8b5c78f1f70e6e501bec
https://conda.anaconda.org/conda-forge/osx-arm64/libarchive-3.8.9-gpl_h76147b0_101.conda#bdcec8546f15ded1b3718309e027e603
https://conda.anaconda.org/conda-forge/osx-arm64/libarrow-22.0.0-h7239961_1_cpu.conda#6094bb8dbfc8c343e60648bcb6fa1cbc
https://conda.anaconda.org/conda-forge/osx-arm64/libarrow-acero-22.0.0-hc317990_1_cpu.conda#fd0bef87260f88df84c44ec35a59855d
https://conda.anaconda.org/conda-forge/osx-arm64/libarrow-compute-22.0.0-h75845d1_1_cpu.conda#f64692bb70ea00fb59c19c61c68bed20
https://conda.anaconda.org/conda-forge/osx-arm64/libarrow-dataset-22.0.0-hc317990_1_cpu.conda#cc44424d10adddcce148c470b1980bd4
https://conda.anaconda.org/conda-forge/osx-arm64/libarrow-substrait-22.0.0-h144af7f_1_cpu.conda#5ea312e8c6d8d720b8a1468e6a11fed1
https://conda.anaconda.org/conda-forge/osx-arm64/libass-0.17.4-hcbd7ca7_0.conda#0977f4a79496437ff3a2c97d13c4c223
https://conda.anaconda.org/conda-forge/osx-arm64/libavif16-1.4.2-hfce71f6_0.conda#63225683f46e75fb7b85fd08361e0468
https://conda.anaconda.org/conda-forge/osx-arm64/libblas-3.11.0-11_h51639a9_openblas.conda#364639b771dbb4ede335d965f55a23ac
https://conda.anaconda.org/conda-forge/osx-arm64/libbrotlicommon-1.1.0-h6caf38d_4.conda#231cffe69d41716afe4525c5c1cc5ddd
https://conda.anaconda.org/conda-forge/osx-arm64/libbrotlidec-1.1.0-h6caf38d_4.conda#cb7e7fe96c9eee23a464afd57648d2cd
https://conda.anaconda.org/conda-forge/osx-arm64/libbrotlienc-1.1.0-h6caf38d_4.conda#4ce5651ae5cd6eebc5899f9bfe0eac3c
https://conda.anaconda.org/conda-forge/osx-arm64/libbtf-2.3.2-h99b4a89_7100102.conda#bb83a609dcf66d5ac2fd666888788c16
https://conda.anaconda.org/conda-forge/osx-arm64/libcamd-3.3.3-h99b4a89_7100102.conda#9c61b6733f2167a84d08d97a9f2d6f88
https://conda.anaconda.org/conda-forge/osx-arm64/libcblas-3.11.0-11_hb0561ab_openblas.conda#73bde7d713e790b3168707e02102e87b
https://conda.anaconda.org/conda-forge/osx-arm64/libccolamd-3.3.4-h99b4a89_7100102.conda#14092975663a3b6139a8891b8f56151b
https://conda.anaconda.org/conda-forge/osx-arm64/libcholmod-5.3.1-hbba04d7_7100102.conda#a780c27386527ac7fe7526415a3b9b23
https://conda.anaconda.org/conda-forge/osx-arm64/libclang-cpp19.1-19.1.7-default_hf3020a7_9.conda#ddb70ebdcbf3a44bddc2657a51faf490
https://conda.anaconda.org/conda-forge/osx-arm64/libclang-cpp23.1-23.1.2-default_h79071a4_0.conda#0b7234ee57b22355d69beb3505c99c54
https://conda.anaconda.org/conda-forge/osx-arm64/libclang13-23.1.2-default_h8f9c3af_0.conda#00b5e540c5eba9af1b48a31372fac2aa
https://conda.anaconda.org/conda-forge/osx-arm64/libcolamd-3.3.4-h99b4a89_7100102.conda#89673c8b6f5efcce6e92f5269996cc40
https://conda.anaconda.org/conda-forge/osx-arm64/libcrc32c-1.1.2-hbdafb3b_0.tar.bz2#32bd82a6a625ea6ce090a81c3d34edeb
https://conda.anaconda.org/conda-forge/osx-arm64/libcurl-8.18.0-he38603e_0.conda#36190179a799f3aee3c2d20a8a2b970d
https://conda.anaconda.org/conda-forge/osx-arm64/libcxsparse-4.4.1-h9e79f82_7100102.conda#d3b711fc46f75a04e71738d3e2c4fdc9
https://conda.anaconda.org/conda-forge/osx-arm64/libcxx-23.1.2-h55c6f16_0.conda#01af3f03d850cbab9ae9b86d726a9921
https://conda.anaconda.org/conda-forge/osx-arm64/libdav1d7-1.5.4-h74c22ad_4.conda#72553390096fa362ae64cdee9618d4ef
https://conda.anaconda.org/conda-forge/osx-arm64/libde265-1.0.15-h2ffa867_0.conda#7c718ee6d8497702145612fa0898a12d
https://conda.anaconda.org/conda-forge/osx-arm64/libdeflate-1.25-he7e0567_1.conda#78650d671cb56909bb3e5c13bce310f9
https://conda.anaconda.org/conda-forge/osx-arm64/libdovi-3.4.0-hc336dc4_1.conda#f1f7ec4807f2745b8f63bf79f97c3ce9
https://conda.anaconda.org/conda-forge/osx-arm64/libedit-3.1.20250104-pl5321h26f1114_1.conda#843ef89082f368cb889305084d3b483c
https://conda.anaconda.org/conda-forge/osx-arm64/libev-4.33-h1a92334_3.conda#19e86c8a6a47e92bb2e70ca12e758c5c
https://conda.anaconda.org/conda-forge/osx-arm64/libevent-2.1.12-h4b5715a_2.conda#9de672ef7d51541ea5176779bfc3e473
https://conda.anaconda.org/conda-forge/osx-arm64/libexpat-2.8.5-h6111c0a_0.conda#5383c550b785bdaafcc4eaf638071a7c
https://conda.anaconda.org/conda-forge/osx-arm64/libffi-3.7.0-h47dc5ef_1.conda#216bbcc23c11e9695b3db4a8771d76eb
https://conda.anaconda.org/conda-forge/osx-arm64/libfreetype-2.14.3-hce30654_2.conda#ee1fc5bba400ff0cae27fbf141a1ae0c
https://conda.anaconda.org/conda-forge/osx-arm64/libfreetype6-2.14.3-h2ed5691_2.conda#881cfb44ea02cc9849f612725a959660
https://conda.anaconda.org/conda-forge/osx-arm64/libgcc-16.2.0-h3cf6597_7.conda#f100c8baeb0c816052b0d43948555bf6
https://conda.anaconda.org/conda-forge/osx-arm64/libgd-2.3.3-h05bcc79_12.conda#fa4a92cfaae9570d89700a292a9ca714
https://conda.anaconda.org/conda-forge/osx-arm64/libgdal-core-3.10.3-h9991b8b_27.conda#9cb16f1ba60a8a573a9c9f7c3c25e073
https://conda.anaconda.org/conda-forge/osx-arm64/libgfortran-16.2.0-h07b0088_7.conda#2efa9518e126c501a7c7d638b2fa3a21
https://conda.anaconda.org/conda-forge/osx-arm64/libgfortran5-16.2.0-hdb7a957_7.conda#c9d80dd8775b8fe76e825d63d8ccaf1b
https://conda.anaconda.org/conda-forge/osx-arm64/libglib-2.90.0-hccd281b_0.conda#8f63a5f35547d0c6d819830ebe0d3245
https://conda.anaconda.org/conda-forge/osx-arm64/libgoogle-cloud-2.39.0-head0a95_0.conda#ad7272a081abe0966d0297691154eda5
https://conda.anaconda.org/conda-forge/osx-arm64/libgoogle-cloud-storage-2.39.0-hfa3a374_0.conda#147a468b9b6c3ced1fccd69b864ae289
https://conda.anaconda.org/conda-forge/osx-arm64/libgrpc-1.73.1-h3063b79_1.conda#f5856b3b9dae4463348a7ec23c1301f2
https://conda.anaconda.org/conda-forge/osx-arm64/libharfbuzz-14.5.0-hcda0f7c_0.conda#8b507b344b5585932964b45ff966c520
https://conda.anaconda.org/conda-forge/osx-arm64/libharfbuzz-devel-14.5.0-hcda0f7c_0.conda#f61ec2bd3aeda96b1f27ecc3ef10cdef
https://conda.anaconda.org/conda-forge/osx-arm64/libheif-1.19.7-gpl_h79e6334_100.conda#4f5369442ff2de5983831d321f584eb4
https://conda.anaconda.org/conda-forge/osx-arm64/libhwloc-2.13.0-default_ha97f43a_1000.conda#fed55ddd65a830cb62e78f07cfffcd41
https://conda.anaconda.org/conda-forge/osx-arm64/libhwy-1.3.0-h48b13b8_1.conda#6375717f5fcd756de929a06d0e40fab0
https://conda.anaconda.org/conda-forge/osx-arm64/libiconv-1.18-he4c29f2_3.conda#17f4744c0873e9f77ac9b5cd0a27c187
https://conda.anaconda.org/conda-forge/osx-arm64/libintl-0.25.1-hae62183_2.conda#a3a4193101bc5427e6cf8be81d5eeddf
https://conda.anaconda.org/conda-forge/osx-arm64/libjpeg-turbo-3.2.0-h84a0fba_1.conda#b2f8c8e5a7651a1d7c05404c3a159517
https://conda.anaconda.org/conda-forge/osx-arm64/libjxl-0.11.1-h7274d02_4.conda#3c87b077b788e7844f0c8b866c5621ac
https://conda.anaconda.org/conda-forge/osx-arm64/libklu-2.3.5-h4370aa4_7100102.conda#37896b0b2e01cbe2de5f25f645bc881e
https://conda.anaconda.org/conda-forge/osx-arm64/libkml-1.3.0-hb833057_1023.conda#3d8eeedb8e541d1cb593e8204fcc397d
https://conda.anaconda.org/conda-forge/osx-arm64/liblapack-3.11.0-11_hd9741b5_openblas.conda#d67ef1462e77d20cd3e0d27c876c3c9a
https://conda.anaconda.org/conda-forge/osx-arm64/liblapacke-3.11.0-11_h1b118fd_openblas.conda#e5771111538a1173de07483195f7b185
https://conda.anaconda.org/conda-forge/osx-arm64/libldl-3.3.2-h99b4a89_7100102.conda#fe46ab585d717eeaf157c5111e076d0a
https://conda.anaconda.org/conda-forge/osx-arm64/libllvm19-19.1.7-h8e0c9ce_2.conda#d1d9b233830f6631800acc1e081a9444
https://conda.anaconda.org/conda-forge/osx-arm64/libllvm21-21.1.8-h759d1ac_1.conda#ecef0bb48f6401ce6e99bedaa24c78be
https://conda.anaconda.org/conda-forge/osx-arm64/libllvm23-23.1.2-h759d1ac_0.conda#daca24218ecf5b842261326ad6ca4e4c
https://conda.anaconda.org/conda-forge/osx-arm64/libltdl-2.4.3a-h286801f_0.conda#db358e8493bd213b5650b9f9e1d0d355
https://conda.anaconda.org/conda-forge/osx-arm64/liblzma-5.8.3-h8088a28_1.conda#8ab10323068b107661a4b9a4af84f3b5
https://conda.anaconda.org/conda-forge/osx-arm64/liblzma-devel-5.8.3-h8088a28_1.conda#2f003d60c66aa780d26c5aec7ee1c94d
https://conda.anaconda.org/conda-forge/osx-arm64/libnetcdf-4.10.0-nompi_h7a8d41e_100.conda#4e7bf56a1474c3e0718588c63e8485ed
https://conda.anaconda.org/conda-forge/osx-arm64/libnghttp2-1.68.1-h435687b_1.conda#ac9902dcbe0417f50cf95ab2bde062fa
https://conda.anaconda.org/conda-forge/osx-arm64/libntlm-1.8-h5505292_0.conda#c90c1d3bd778f5ec0d4bb4ef36cbd5b6
https://conda.anaconda.org/conda-forge/osx-arm64/libogg-1.3.5-h48c0fde_1.conda#29b8b11f6d7e6bd0e76c029dcf9dd024
https://conda.anaconda.org/conda-forge/osx-arm64/libopenblas-0.3.34-openmp_h5e6e99c_1.conda#9c874eb9d4441a658ef3acf6ac56dc3e
https://conda.anaconda.org/conda-forge/osx-arm64/libopencv-4.13.0-qt6_py312h74f5ed3_601.conda#bceadcc2e039c5b549a684e8b8a42250
https://conda.anaconda.org/conda-forge/osx-arm64/libopentelemetry-cpp-1.21.0-he15edb5_1.conda#cbcea547d6d831863ab0a4e164099062
https://conda.anaconda.org/conda-forge/osx-arm64/libopentelemetry-cpp-headers-1.21.0-hce30654_1.conda#c7df4b2d612208f3a27486c113b6aefc
https://conda.anaconda.org/conda-forge/osx-arm64/libopenvino-2025.4.1-h3e6d54f_1.conda#f55a563a1ce81d56eccbcc4b441cf9d1
https://conda.anaconda.org/conda-forge/osx-arm64/libopenvino-arm-cpu-plugin-2025.4.1-h3e6d54f_1.conda#f627ab701f81f8ddf1cdec094461cf9e
https://conda.anaconda.org/conda-forge/osx-arm64/libopenvino-auto-batch-plugin-2025.4.1-h2406d2e_1.conda#20cb6e2612e1a217cfc6e01175eb5d3b
https://conda.anaconda.org/conda-forge/osx-arm64/libopenvino-auto-plugin-2025.4.1-h2406d2e_1.conda#08e7fd889776ba8bbb1505d35711c33f
https://conda.anaconda.org/conda-forge/osx-arm64/libopenvino-hetero-plugin-2025.4.1-h85cbfa6_1.conda#4e6ebb59f3d49bf1471a3bc02353f45d
https://conda.anaconda.org/conda-forge/osx-arm64/libopenvino-ir-frontend-2025.4.1-h85cbfa6_1.conda#f14c43137b800ad303f2d2bc6dacdd8c
https://conda.anaconda.org/conda-forge/osx-arm64/libopenvino-onnx-frontend-2025.4.1-h7fb59aa_1.conda#aef846dbe6f1a1d03a621d791d520639
https://conda.anaconda.org/conda-forge/osx-arm64/libopenvino-paddle-frontend-2025.4.1-h7fb59aa_1.conda#aa9e90952781f2313c875add9b586a8a
https://conda.anaconda.org/conda-forge/osx-arm64/libopenvino-pytorch-frontend-2025.4.1-hf6b4638_1.conda#ffe333e6dd2aaaffef46c15a3440c393
https://conda.anaconda.org/conda-forge/osx-arm64/libopenvino-tensorflow-frontend-2025.4.1-hf92d75f_1.conda#f8d7d2f54ed7ddd512472c52afcef7f8
https://conda.anaconda.org/conda-forge/osx-arm64/libopenvino-tensorflow-lite-frontend-2025.4.1-hf6b4638_1.conda#2e8dc14845f37fcda4b047c37f47d02d
https://conda.anaconda.org/conda-forge/osx-arm64/libopus-1.6.1-h74c22ad_1.conda#66c2ba320f3687ee66d53cc5546ded5f
https://conda.anaconda.org/conda-forge/osx-arm64/libparquet-22.0.0-h0ac143b_1_cpu.conda#3cd7a188ac2f6e3e81168a3752cc86e0
https://conda.anaconda.org/conda-forge/osx-arm64/libparu-1.0.0-h317a14d_7100102.conda#a4a9867ec265528a89b4759951957504
https://conda.anaconda.org/conda-forge/osx-arm64/libplacebo-7.351.0-h176d363_2.conda#17ba1d6bd18e0b1587eb4e33fb606a2d
https://conda.anaconda.org/conda-forge/osx-arm64/libpng-1.6.58-hf5e6511_1.conda#e0466c58fd07db190b9a81b5e58539f2
https://conda.anaconda.org/conda-forge/osx-arm64/libpq-18.2-h6caddbb_0.conda#41ae8b0d426096e1d11bd83d8ca949f5
https://conda.anaconda.org/conda-forge/osx-arm64/libprotobuf-6.31.1-h29102cf_5.conda#9f05750adae48f79259ee79aa4b02e52
https://conda.anaconda.org/conda-forge/osx-arm64/libpsl-0.23.1-hdb0c161_1.conda#5d270f716a2b4bc13df9af8612071b17
https://conda.anaconda.org/conda-forge/osx-arm64/libpython-3.12.14-h4e5ec87_3_cpython.conda#7fd5ad6d9d1ae0af3ae9f039a992a148
https://conda.anaconda.org/conda-forge/osx-arm64/libraqm-0.11.0-h45af499_0.conda#46ea0eb4e71bffa35ab7070678bcb053
https://conda.anaconda.org/conda-forge/osx-arm64/libraw-0.22.2-h2d05ff4_0.conda#c312034f884b32402cd6d97dc230c495
https://conda.anaconda.org/conda-forge/osx-arm64/librbio-4.3.4-h99b4a89_7100102.conda#fa40dbe91ad646bf5abed56855a8b631
https://conda.anaconda.org/conda-forge/osx-arm64/libre2-11-2025.11.05-h91c62da_0.conda#060f099756e6baf2ed51b9065e44eda8
https://conda.anaconda.org/conda-forge/osx-arm64/librsvg-2.62.4-hc8ac265_0.conda#878c79beee628e3b683ddc9094aaad1e
https://conda.anaconda.org/conda-forge/osx-arm64/librttopo-1.1.0-ha834cd8_21.conda#270eaa0cf0fdd81ffda65f4912997f85
https://conda.anaconda.org/conda-forge/osx-arm64/libspatialite-5.1.0-gpl_ha239c29_119.conda#babf54eb886241155434878f728ea099
https://conda.anaconda.org/conda-forge/osx-arm64/libspex-3.2.3-h15d103f_7100102.conda#36b461a2ccf825c682fe8918b82c2f7a
https://conda.anaconda.org/conda-forge/osx-arm64/libspqr-4.3.4-h775d698_7100102.conda#cbac21c5e5ffcd4bcee5dba052535565
https://conda.anaconda.org/conda-forge/osx-arm64/libsqlite-3.53.4-hca69786_1.conda#fde96d40ebe9a9cb34e4122380189ddb
https://conda.anaconda.org/conda-forge/osx-arm64/libssh2-1.11.1-hbf2880b_1.conda#d957a8eda98c49b073e8dcfd677c127a
https://conda.anaconda.org/conda-forge/osx-arm64/libsuitesparseconfig-7.10.1-h4a8fc20_7100102.conda#7ffecea6d807f0bd69a3e136a409ced3
https://conda.anaconda.org/conda-forge/osx-arm64/libthrift-0.22.0-h1fb9c8a_2.conda#d006875f9a58a44f92aec9a7ebeb7150
https://conda.anaconda.org/conda-forge/osx-arm64/libtiff-4.7.2-hf67920b_1.conda#b6b191267455bf202af79f973690ed5d
https://conda.anaconda.org/conda-forge/osx-arm64/libtool-2.5.4-h286801f_0.conda#bdd3ba2e9c5d24fa4341521df822f0c7
https://conda.anaconda.org/conda-forge/osx-arm64/libumfpack-6.3.5-h7c2c975_7100102.conda#ca1a54d25f34317fecb0a134e94d3cab
https://conda.anaconda.org/conda-forge/osx-arm64/libusb-1.0.29-hbc156a2_0.conda#f6654e9e96e9d973981b3b2f898a5bfa
https://conda.anaconda.org/conda-forge/osx-arm64/libutf8proc-2.11.3-h2431656_0.conda#2255add2f6ae77d0a96624a5cbde6d45
https://conda.anaconda.org/conda-forge/osx-arm64/libuv-1.52.1-h1a92334_1.conda#de09bd0f175611e94f21b28f8c708e80
https://conda.anaconda.org/conda-forge/osx-arm64/libvorbis-1.3.7-h81086ad_2.conda#719e7653178a09f5ca0aa05f349b41f7
https://conda.anaconda.org/conda-forge/osx-arm64/libvpx-1.15.2-h484c67d_1.conda#25bea41931178e80982be81e62285c41
https://conda.anaconda.org/conda-forge/osx-arm64/libvulkan-loader-1.4.357.0-hfbe1efa_2.conda#054a1eb01ab7f0f9aa3bdbe1594e0366
https://conda.anaconda.org/conda-forge/osx-arm64/libwebp-1.6.0-hc0253d1_0.conda#9aaaf3669a32f6ebb63c445cc19fdc64
https://conda.anaconda.org/conda-forge/osx-arm64/libwebp-base-1.6.0-h202fb40_1.conda#168a13e329259710b28277abc1395b8e
https://conda.anaconda.org/conda-forge/osx-arm64/libxcb-1.17.0-hbffa61f_2.conda#786c0680e77665d1938ce9cdd7cf82a7
https://conda.anaconda.org/conda-forge/osx-arm64/libxml2-2.15.4-h550178d_0.conda#4b97a34d06740b578c32deba195daf5a
https://conda.anaconda.org/conda-forge/osx-arm64/libxml2-16-2.15.4-heb56d2d_0.conda#b40633f711a5eb8617917e0e944b9965
https://conda.anaconda.org/conda-forge/osx-arm64/libxml2-devel-2.15.4-h550178d_0.conda#df2f9521a1b80a859d6d329dba7df2a0
https://conda.anaconda.org/conda-forge/osx-arm64/libxslt-1.1.45-haaf9281_1.conda#9e4ab938b0971629481134a16b766937
https://conda.anaconda.org/conda-forge/osx-arm64/libzip-1.11.4-hcd2b5ac_0.conda#bc644d23eeb4222472091f1f95337e00
https://conda.anaconda.org/conda-forge/osx-arm64/libzlib-1.3.2-h8088a28_3.conda#f39288f0ea63ae962e1a2e4f355a0d75
https://conda.anaconda.org/conda-forge/osx-arm64/libzopfli-1.0.3-h9f76cd9_0.tar.bz2#a0758d74f57741aa0d9ede13fd592e56
https://conda.anaconda.org/conda-forge/osx-arm64/llvm-openmp-23.1.2-hdb3d66b_0.conda#97fa48b6e1d996689e6d3f822a41f1bf
https://conda.anaconda.org/conda-forge/noarch/locket-1.0.0-pyhd8ed1ab_0.tar.bz2#91e27ef3d05cc772ce627e51cff111c4
https://conda.anaconda.org/conda-forge/osx-arm64/lxml-6.1.3-py312haba262f_0.conda#6bbb82f69ac1cc00375cebcd3e7d594a
https://conda.anaconda.org/conda-forge/osx-arm64/lz4-4.4.5-py312hc8604c9_2.conda#0f3baaafada668181448cf4613af9d16
https://conda.anaconda.org/conda-forge/osx-arm64/lz4-c-1.10.0-hdca3b7d_2.conda#d47f7f3481c6f2fcc4ed22802f61c6dd
https://conda.anaconda.org/conda-forge/osx-arm64/lzo-2.10-h74c22ad_1003.conda#7fad2bcb66997fc0a53442db98031a39
https://conda.anaconda.org/conda-forge/osx-arm64/m4-1.4.21-h84a0fba_0.conda#77e47f9e6de8d98e3a6c4752998e92de
https://conda.anaconda.org/conda-forge/osx-arm64/make-4.4.1-h84a0fba_3.conda#5e4c7921fa8489236f1599274b478bac
https://conda.anaconda.org/conda-forge/osx-arm64/markupsafe-3.0.3-py312h04c11ed_1.conda#11d95ab83ef0a82cc2de12c1e0b47fe4
https://conda.anaconda.org/conda-forge/osx-arm64/matplotlib-base-3.11.2-py312h11997a8_1.conda#5b7f99b5b32911c24f0e40e3cf38861e
https://conda.anaconda.org/conda-forge/osx-arm64/metis-5.1.0-h15f6cfe_1007.conda#7687ec5796288536947bf616179726d8
https://conda.anaconda.org/conda-forge/osx-arm64/minizip-4.2.2-h6a11f2a_1.conda#ce5e7144254351b224ac9d23ab0bddae
https://conda.anaconda.org/conda-forge/osx-arm64/moltenvk-1.4.2-h407b865_0.conda#6156a0b27cf84f502389662783094cc4
https://conda.anaconda.org/conda-forge/osx-arm64/mpfr-4.2.2-h72846b0_1.conda#6c990c07502330c3876dfc67d7bb6917
https://conda.anaconda.org/conda-forge/osx-arm64/mpg123-1.33.7-h0e3f465_1.conda#84ddf9a511461763c80703597bb91875
https://conda.anaconda.org/conda-forge/osx-arm64/msgpack-python-1.2.2-py312h67ba313_2.conda#e3250b19686bec4b2ee9cf37f6c7b127
https://conda.anaconda.org/conda-forge/noarch/multiurl-0.3.9-pyhd8ed1ab_0.conda#d4e8f98a575bf884db81344e7a9fbe95
https://conda.anaconda.org/conda-forge/noarch/munkres-1.1.4-pyhd8ed1ab_1.conda#37293a85a0f4f77bbd9cf7aaefc62609
https://conda.anaconda.org/conda-forge/noarch/narwhals-2.26.0-pyh5ded981_0.conda#afb7146667be7c8121f5f8337be60680
https://conda.anaconda.org/conda-forge/osx-arm64/ncurses-6.6-he64c551_1.conda#3dfa0d0316dc246cd44937a557de4501
https://conda.anaconda.org/conda-forge/noarch/networkx-3.7-pyhc364b38_0.conda#ddc679d85e7c9c3738efd303b6580c69
https://conda.anaconda.org/conda-forge/osx-arm64/ninja-1.13.2-h3feff0a_1.conda#db95a98a49313f75abcad60aefa720ed
https://conda.anaconda.org/conda-forge/osx-arm64/nlohmann_json-3.12.0-h784d473_2.conda#0debf38c50bb3ea6f712c87310a00289
https://conda.anaconda.org/conda-forge/osx-arm64/numpy-1.26.4-py312h8442bc7_0.conda#d83fc83d589e2625a3451c9a7e21047c
https://conda.anaconda.org/conda-forge/osx-arm64/opencv-4.13.0-qt6_py312h5b798a3_601.conda#40f301e97802bda74c0bac65315f0135
https://conda.anaconda.org/conda-forge/osx-arm64/openexr-3.4.15-h3105456_0.conda#0ef79d4a20d13cdd036c9e2980c1e0b6
https://conda.anaconda.org/conda-forge/osx-arm64/openh264-2.6.0-hf8510ef_2.conda#9cafae3c7258971bbf051eeb0e78a628
https://conda.anaconda.org/conda-forge/osx-arm64/openjpeg-2.5.4-h4d1e80c_2.conda#487d92910109a711fdb77631bf1aabf0
https://conda.anaconda.org/conda-forge/osx-arm64/openjph-0.31.0-h2a4d681_0.conda#2afb97479668cfb83c386074f8050ad6
https://conda.anaconda.org/conda-forge/osx-arm64/openldap-2.6.10-hbe55e7a_0.conda#6fd5d73c63b5d37d9196efb4f044af76
https://conda.anaconda.org/conda-forge/osx-arm64/openssl-3.6.4-h55eecbc_0.conda#ae71ab40048c19a389a7dcccb86c2481
https://conda.anaconda.org/conda-forge/osx-arm64/orc-2.2.1-h4fd0076_0.conda#b5dea50c77ab3cc18df48bdc9994ac44
https://conda.anaconda.org/conda-forge/noarch/packaging-26.3-pyhc364b38_0.conda#936687ed80f295a1f5dbcf8bd34c252c
https://conda.anaconda.org/conda-forge/osx-arm64/pandas-3.0.6-np2py312hd9090a6_0.conda#4aa838a92c578c7fdcc2921fd17f14c7
https://conda.anaconda.org/conda-forge/osx-arm64/pango-1.58.2-hf9b25ef_1.conda#4a71e68873ce37dc6da671a899d09a46
https://conda.anaconda.org/conda-forge/noarch/partd-1.4.2-pyhd8ed1ab_0.conda#0badf9c54e24cecfb0ad2f99d680c163
https://conda.anaconda.org/conda-forge/osx-arm64/pcre2-10.47-he63d830_1.conda#5ab90033816cbe4097e8a297e5179f67
https://conda.anaconda.org/conda-forge/osx-arm64/perl-5.32.1-10_hb001647_perl5.conda#91c1e7fbb919b74499ce900a083fd517
https://conda.anaconda.org/conda-forge/osx-arm64/pillow-12.0.0-py312h261a3e5_1.conda#01a90594b16feff1693bdd5a1fe0bd50
https://conda.anaconda.org/conda-forge/noarch/pip-26.2.1-pyh8b19718_0.conda#77b6cf3b0689d9fc68561df0db9b856d
https://conda.anaconda.org/conda-forge/osx-arm64/pixman-0.46.4-h784d473_3.conda#9a99c0b60efe41c194d01c182d000733
https://conda.anaconda.org/conda-forge/osx-arm64/pkg-config-0.29.2-he0b766d_1013.conda#ab638a9427a61fa1347b75918bfda1ea
https://conda.anaconda.org/conda-forge/noarch/platformdirs-4.12.0-pyh5ded981_0.conda#466cc959a653d4a3f65ded1e41e6fcad
https://conda.anaconda.org/conda-forge/noarch/pluggy-1.6.0-pyhf9edf01_1.conda#d7585b6550ad04c8c5e21097ada2888e
https://conda.anaconda.org/conda-forge/osx-arm64/proj-9.7.1-hfb14a63_3.conda#8f33a4a2b856de0e8f006c489beca62a
https://conda.anaconda.org/conda-forge/osx-arm64/prometheus-cpp-1.3.0-h0967b3e_0.conda#7172339b49c94275ba42fec3eaeda34f
https://conda.anaconda.org/conda-forge/osx-arm64/psutil-7.2.2-py312hbd136b4_3.conda#3fd630bf639ce4512de776b9a275624b
https://conda.anaconda.org/conda-forge/osx-arm64/pthread-stubs-0.4-hb001647_1004.conda#f0833c4a0b68798f50935dd83384c705
https://conda.anaconda.org/conda-forge/osx-arm64/pugixml-1.15-hd3d436d_0.conda#b9a4004e46de7aeb005304a13b35cb94
https://conda.anaconda.org/conda-forge/osx-arm64/py-opencv-4.13.0-qt6_py312he92a2c1_601.conda#e6ac6d486ddbfe9a1145d6316df51e54
https://conda.anaconda.org/conda-forge/noarch/pyaps3-0.3.7-pyhd8ed1ab_0.conda#4b76d1425451584a762cd4f1ce01ec5e
https://conda.anaconda.org/conda-forge/osx-arm64/pyarrow-22.0.0-py312h1f38498_2.conda#577af17d6122f947961d6ecd1447f9e0
https://conda.anaconda.org/conda-forge/osx-arm64/pyarrow-core-22.0.0-py312hae6ed00_2_cpu.conda#20262b73b3f31931c858cc079404c2c0
https://conda.anaconda.org/conda-forge/noarch/pybind11-3.1.0-pyh293190f_0.conda#5aa0ad32112cbfc1cf0f2b3c600be4a5
https://conda.anaconda.org/conda-forge/noarch/pybind11-global-3.1.0-pyh648e204_0.conda#534548c7e6102ae9a408957380937b52
https://conda.anaconda.org/conda-forge/noarch/pycparser-3.0-pyhcf101f3_0.conda#9c5491066224083c41b6d5635ed7107b
https://conda.anaconda.org/conda-forge/noarch/pygments-2.21.0-pyhcf101f3_0.conda#2882dee445dfa45b0c5afce3ffb7730a
https://conda.anaconda.org/conda-forge/osx-arm64/pygrib-2.1.8-np2py312h7e5ff1f_1.conda#cb315e9bb34d29a10280579596ab611b
https://conda.anaconda.org/conda-forge/osx-arm64/pykdtree-1.4.3-py312h3f4b380_3.conda#e461e693cf4690fdaad21151c5b8a306
https://conda.anaconda.org/conda-forge/noarch/pykml-0.2.0-pyhd8ed1ab_2.conda#0e1ed228e17739de44205ff0a2950ae9
https://conda.anaconda.org/conda-forge/noarch/pyparsing-3.3.3-pyh5ded981_0.conda#8bf43ae1312e9b966063459e04c20fa7
https://conda.anaconda.org/conda-forge/osx-arm64/pyproj-3.7.2-py312hce17ad6_3.conda#18dc7145b9e8f7a422ebb698b78b0284
https://conda.anaconda.org/conda-forge/osx-arm64/pyresample-1.35.0-py312h455b684_0.conda#fe171704a8870b824e82d83864e0e8da
https://conda.anaconda.org/conda-forge/noarch/pyshp-3.1.6-pyhcf101f3_0.conda#6778d276eb7b4230d622bdd2a732c75e
https://conda.anaconda.org/conda-forge/noarch/pysocks-1.7.1-pyha55dd90_7.conda#461219d1a5bd61342293efa2c0c90eac
https://conda.anaconda.org/conda-forge/osx-arm64/pysolid-0.3.4-py312h9211155_0.conda#1e81c0c022970d86e0eb20d93803e9f0
https://conda.anaconda.org/conda-forge/noarch/pytest-9.1.1-pyhc364b38_2.conda#64c98a12c4e23eb238bf66bbecafdf3c
https://conda.anaconda.org/conda-forge/osx-arm64/python-3.12.14-hd05a0c4_3_cpython.conda#287a1be640df74bd3e2b9d76b2a7b300
https://conda.anaconda.org/conda-forge/noarch/python-dateutil-2.9.0.post0-pyhe01879c_2.conda#5b8d21249ff20967101ffa321cab24e8
https://conda.anaconda.org/conda-forge/noarch/python-gil-3.12.14-hd8ed1ab_3.conda#7fafcd204183cfa7c1ae4ad9c2d8d414
https://conda.anaconda.org/conda-forge/noarch/python_abi-3.12-9_cp312.conda#4c32076993e6270825441d059ab5c18b
https://conda.anaconda.org/conda-forge/noarch/pytz-2026.4-pyh5ded981_0.conda#88f9c01fa949cb51dcd33d36e547a30e
https://conda.anaconda.org/conda-forge/osx-arm64/pyyaml-6.0.3-py312h04c11ed_1.conda#95a5f0831b5e0b1075bbd80fcffc52ac
https://conda.anaconda.org/conda-forge/osx-arm64/qhull-2020.2-h420ef59_5.conda#6483b1f59526e05d7d894e466b5b6924
https://conda.anaconda.org/conda-forge/osx-arm64/qt6-main-6.10.2-h9aec236_4.conda#4c78221e73a7ec9c5eebe695a6542714
https://conda.anaconda.org/conda-forge/osx-arm64/rav1e-0.8.1-h8246384_0.conda#4706a8a71474c692482c3f86c2175454
https://conda.anaconda.org/conda-forge/osx-arm64/re2-2025.11.05-h64b956e_0.conda#1b35e663ed321840af65e7c5cde419f2
https://conda.anaconda.org/conda-forge/osx-arm64/readline-8.3-h8b90a29_1.conda#9347fd56a002e6b58946831d48fe62f6
https://conda.anaconda.org/conda-forge/osx-arm64/regex-2026.9.10-py312ha053593_0.conda#b1091ac268c591694abdde4dc8121a70
https://conda.anaconda.org/conda-forge/noarch/remotezip-0.12.6-pyhd8ed1ab_0.conda#17e02ad5f8c4d2d8c704b5d4c4cd04e2
https://conda.anaconda.org/conda-forge/noarch/requests-2.34.2-pyhcf101f3_0.conda#4a85203c1d80c1059086ae860836ffb9
https://conda.anaconda.org/conda-forge/osx-arm64/rhash-1.4.6-h84a0fba_2.conda#5cec61f5b18ca8c5bbb1ad2dc5923a8e
https://conda.anaconda.org/conda-forge/osx-arm64/s2n-1.7.5-h1b28cb6_1.conda#94b3b302cd6c07c5ec68648b25c8c525
https://conda.anaconda.org/conda-forge/osx-arm64/scikit-image-0.26.0-np2py312ha921b1d_0.conda#c582406829218aa701e9ce61aa57973e
https://conda.anaconda.org/conda-forge/osx-arm64/scipy-1.15.2-py312h99a188d_0.conda#b1d324bf5018b451152bbdc4ffd3d378
https://conda.anaconda.org/conda-forge/osx-arm64/sdl2-2.32.56-h784d473_0.conda#81a4c982e9ac52e620eb810f463de9ad
https://conda.anaconda.org/conda-forge/osx-arm64/sdl3-3.4.16-h4bb5895_0.conda#2789ef0bd01b84a08caf11602aebd46b
https://conda.anaconda.org/conda-forge/noarch/setuptools-84.0.0-pyh332efcf_0.conda#62ac906f1cd582c6c264c95625cb9d6f
https://conda.anaconda.org/conda-forge/osx-arm64/shaderc-2025.5-hf31e910_1.conda#c00668684040c717f1711a81ac1f18f0
https://conda.anaconda.org/conda-forge/osx-arm64/shapely-2.1.2-py312h0fc4a54_3.conda#24f93f977d15383977247b1b6e356626
https://conda.anaconda.org/conda-forge/noarch/six-1.17.0-pyhe01879c_1.conda#3339e3b65d58accf4ca4fb8748ab16b3
https://conda.anaconda.org/conda-forge/osx-arm64/snaphu-0.4.1-py312h163523d_2.conda#a30f52dc2b6e3e29c3335719809c0b35
https://conda.anaconda.org/conda-forge/osx-arm64/snappy-1.2.2-h3951085_2.conda#16591c8425cf23a8e7f4700ef9f054b3
https://conda.anaconda.org/conda-forge/noarch/sortedcontainers-2.4.0-pyhd8ed1ab_1.conda#0401a17ae845fa72c7210e206ec5647d
https://conda.anaconda.org/conda-forge/osx-arm64/spirv-tools-2026.3-hc0b298b_1.conda#92f682d75053c1fe0743ded97193d6e5
https://conda.anaconda.org/conda-forge/osx-arm64/sqlite-3.53.4-ha9f7ffe_1.conda#c144cc02c82671616e0fb4caf731bc88
https://conda.anaconda.org/conda-forge/osx-arm64/suitesparse-7.10.1-h3071b36_7100102.conda#6c58a1e4f8a473cac74f660bc996bafa
https://conda.anaconda.org/conda-forge/osx-arm64/svt-av1-4.0.1-h0cb729a_0.conda#8badc3bf16b62272aa2458f138223821
https://conda.anaconda.org/conda-forge/osx-arm64/tbb-2023.1.0-h7283337_0.conda#49857a5f7b0ea37e6c29d44fcc6c11fe
https://conda.anaconda.org/conda-forge/noarch/tblib-3.2.2-pyhcf101f3_0.conda#f88bb644823094f436792f80fba3207e
https://conda.anaconda.org/conda-forge/noarch/tenacity-8.2.2-pyhd8ed1ab_0.conda#7b39e842b52966a99e229739cd4dc36e
https://conda.anaconda.org/conda-forge/noarch/tifffile-2024.12.12-pyhd8ed1ab_0.conda#59d646aa704b6024cb965be43493ed45
https://conda.anaconda.org/conda-forge/osx-arm64/tk-8.6.13-hbeba79b_4.conda#90a01bf394d1c594e0eb9258f967d828
https://conda.anaconda.org/conda-forge/noarch/tomli-2.4.1-pyhcf101f3_0.conda#b5325cf06a000c5b14970462ff5e4d58
https://conda.anaconda.org/conda-forge/noarch/toolz-1.1.0-pyhd8ed1ab_1.conda#c07a6153f8306e45794774cf9b13bd32
https://conda.anaconda.org/conda-forge/osx-arm64/tornado-6.5.10-py312ha053593_0.conda#35112f99bab224a39ad7418d687fd19f
https://conda.anaconda.org/conda-forge/noarch/tqdm-4.70.1-pyhfa0c392_0.conda#ffc91f29264eeb8d3ba96fdc897316c3
https://conda.anaconda.org/conda-forge/noarch/typing_extensions-4.16.0-pyhcf101f3_0.conda#c70ad746c22219b9700931707482992c
https://conda.anaconda.org/conda-forge/noarch/tzdata-2026c-h151e31d_0.conda#fcb489df604d100968b737f2cb6076c6
https://conda.anaconda.org/conda-forge/noarch/tzlocal-5.4.4-pyh8f84b5b_0.conda#cbd15812c946aecc2d9479318aca450f
https://conda.anaconda.org/conda-forge/osx-arm64/unicodedata2-18.0.0-py312ha053593_0.conda#639c032b3599544afe156821a816895b
https://conda.anaconda.org/conda-forge/osx-arm64/uriparser-0.9.8-h00cdb27_0.conda#e8ff9e11babbc8cd77af5a4258dc2802
https://conda.anaconda.org/conda-forge/noarch/urllib3-2.5.0-pyhd8ed1ab_0.conda#436c165519e140cb08d246a4472a9d6a
https://conda.anaconda.org/conda-forge/noarch/utm-0.7.0-pyhd8ed1ab_0.tar.bz2#4864e2f5c746f45e02ec46221caccb7e
https://conda.anaconda.org/conda-forge/noarch/wheel-0.48.0-pyhd8ed1ab_0.conda#9a2124517bfd5d792e0f7b86eefdfeb8
https://conda.anaconda.org/conda-forge/osx-arm64/x264-1!164.3095-hb001647_3.conda#332db3e81d6afec19726297d6ba3a0fe
https://conda.anaconda.org/conda-forge/osx-arm64/x265-3.5-h55d2f36_4.conda#7c78b3dc0fda0813f8bc7915c8c64355
https://conda.anaconda.org/conda-forge/osx-arm64/xerces-c-3.3.0-h38da0c5_2.conda#1f38144f935e874fe7e296658484e719
https://conda.anaconda.org/conda-forge/osx-arm64/xorg-libice-1.1.2-h1a92334_0.conda#a999957a858c60b096137cde7dbb64b7
https://conda.anaconda.org/conda-forge/osx-arm64/xorg-libsm-1.2.6-h1a92334_1.conda#e123019080169553e15feec42ce74116
https://conda.anaconda.org/conda-forge/osx-arm64/xorg-libx11-1.8.13-hf948f5a_1.conda#0b922feb390ad25e36c1275623d7ba08
https://conda.anaconda.org/conda-forge/osx-arm64/xorg-libxau-1.0.12-hb001647_2.conda#610f557e75d6a0d3f676914da5822227
https://conda.anaconda.org/conda-forge/osx-arm64/xorg-libxdmcp-1.1.5-hb001647_2.conda#14a26fe87734f988eed32abf6afd4c3e
https://conda.anaconda.org/conda-forge/osx-arm64/xorg-libxext-1.3.7-hb001647_1.conda#2a9acad1cd4dc5e76f4f2acabd0a639d
https://conda.anaconda.org/conda-forge/osx-arm64/xorg-libxft-2.3.9-h81aa574_1.conda#ba6b7562954e7169f1dfe31196a2254f
https://conda.anaconda.org/conda-forge/osx-arm64/xorg-libxmu-1.3.1-h84a0fba_0.conda#61151e4ded92d8f9af77f2b3ef75e767
https://conda.anaconda.org/conda-forge/osx-arm64/xorg-libxrender-0.9.12-h84a0fba_1.conda#cbb54f55571679453201740a554476f0
https://conda.anaconda.org/conda-forge/osx-arm64/xorg-libxt-1.3.1-hb001647_1.conda#34a2c031108034b169b6981e4f2941a4
https://conda.anaconda.org/conda-forge/osx-arm64/xorg-util-macros-1.20.2-hce30654_2.conda#4908c80f9f59eacc259870e1ce9833bc
https://conda.anaconda.org/conda-forge/osx-arm64/xorg-xbitmaps-1.1.4-h84a0fba_0.conda#ce5364dabc004c13e7eb3ddf658b7144
https://conda.anaconda.org/conda-forge/osx-arm64/xorg-xorgproto-2025.1-h74c22ad_3.conda#da414f616f32b6afd5473b2ab47fcb69
https://conda.anaconda.org/conda-forge/noarch/xyzservices-2026.9.1-pyhd8ed1ab_0.conda#5d7c149ba9c728d4951f3fe6d3ce0f84
https://conda.anaconda.org/conda-forge/osx-arm64/yaml-0.2.5-h74c22ad_3.conda#31cf6dcc138abe673c9440cd6fe6c6fe
https://conda.anaconda.org/conda-forge/osx-arm64/zfp-1.0.1-hd8dcbb1_6.conda#bae057cf9d15c9e5c8d994fd8b3f6fcb
https://conda.anaconda.org/conda-forge/noarch/zict-3.0.0-pyhd8ed1ab_1.conda#e52c2ef711ccf31bb7f70ca87d144b9e
https://conda.anaconda.org/conda-forge/noarch/zipp-4.1.0-pyhcf101f3_0.conda#ba3dcdc8584155c97c648ae9c044b7a3
https://conda.anaconda.org/conda-forge/osx-arm64/zlib-1.3.2-h8088a28_3.conda#2c966485853aa27985fbec7e3fcc4e77
https://conda.anaconda.org/conda-forge/osx-arm64/zlib-ng-2.2.5-h3470cca_1.conda#c2a50447e98f4b6b1357f54bbd9379dd
https://conda.anaconda.org/conda-forge/osx-arm64/zstandard-0.25.0-py312hbd136b4_4.conda#499a8bd66852513c4105d0954906232c
https://conda.anaconda.org/conda-forge/osx-arm64/zstd-1.5.7-hf451053_7.conda#4ec2684c73812cc2c3d78379384a39cc
